
Microsoft Visual Studio Solution File, Format Version 12.00
# Visual Studio 2013
VisualStudioVersion = 12.0.31101.0
MinimumVisualStudioVersion = 10.0.40219.1
Project("{FAE04EC0-301F-11D3-BF4B-00C04F79EFBC}") = "BookShopSystem.Models", "BookShopSystem.Models\BookShopSystem.Models.csproj", "{30CEE2CA-EE5B-4B41-9AF6-66D205EFCD8C}"
EndProject
Project("{FAE04EC0-301F-11D3-BF4B-00C04F79EFBC}") = "BookShopSystem.Data", "BookShopSystem.Data\BookShopSystem.Data.csproj", "{49349C72-5469-4667-800E-F7D0B807B298}"
EndProject
Project("{FAE04EC0-301F-11D3-BF4B-00C04F79EFBC}") = "BookShopSystem.ConsoleClient", "BookShopSystem.ConsoleClient\BookShopSystem.ConsoleClient.csproj", "{E487A6FA-8DE3-42B8-802F-273422036F91}"
EndProject
Global
	GlobalSection(SolutionConfigurationPlatforms) = preSolution
		Debug|Any CPU = Debug|Any CPU
		Release|Any CPU = Release|Any CPU
	EndGlobalSection
	GlobalSection(ProjectConfigurationPlatforms) = postSolution
		{30CEE2CA-EE5B-4B41-9AF6-66D205EFCD8C}.Debug|Any CPU.ActiveCfg = Debug|Any CPU
		{30CEE2CA-EE5B-4B41-9AF6-66D205EFCD8C}.Debug|Any CPU.Build.0 = Debug|Any CPU
		{30CEE2CA-EE5B-4B41-9AF6-66D205EFCD8C}.Release|Any CPU.ActiveCfg = Release|Any CPU
		{30CEE2CA-EE5B-4B41-9AF6-66D205EFCD8C}.Release|Any CPU.Build.0 = Release|Any CPU
		{49349C72-5469-4667-800E-F7D0B807B298}.Debug|Any CPU.ActiveCfg = Debug|Any CPU
		{49349C72-5469-4667-800E-F7D0B807B298}.Debug|Any CPU.Build.0 = Debug|Any CPU
		{49349C72-5469-4667-800E-F7D0B807B298}.Release|Any CPU.ActiveCfg = Release|Any CPU
		{49349C72-5469-4667-800E-F7D0B807B298}.Release|Any CPU.Build.0 = Release|Any CPU
		{E487A6FA-8DE3-42B8-802F-273422036F91}.Debug|Any CPU.ActiveCfg = Debug|Any CPU
		{E487A6FA-8DE3-42B8-802F-273422036F91}.Debug|Any CPU.Build.0 = Debug|Any CPU
		{E487A6FA-8DE3-42B8-802F-273422036F91}.Release|Any CPU.ActiveCfg = Release|Any CPU
		{E487A6FA-8DE3-42B8-802F-273422036F91}.Release|Any CPU.Build.0 = Release|Any CPU
	EndGlobalSection
	GlobalSection(SolutionProperties) = preSolution
		HideSolutionNode = FALSE
	EndGlobalSection
EndGlobal
